{
  "nodes": {
    "goTools": {
      "flake": false,
      "locked": {
        "lastModified": 1647038068,
        "narHash": "sha256-/bBM9dSTWt0HTcdMlFILh+5cJwqqMfZVuDOmg2Fu1Ww=",
        "owner": "golang",
        "repo": "tools",
        "rev": "198cae37294c48f180c54b9f66617d821e185fdc",
        "type": "github"
      },
      "original": {
        "owner": "golang",
        "repo": "tools",
        "type": "github"
      }
    },
    "gosec": {
      "flake": false,
      "locked": {
        "lastModified": 1646645482,
        "narHash": "sha256-BRs9HVruz2el2sDfNh4hBqWJ2/HszoRZ7islKqcj200=",
        "owner": "securego",
        "repo": "gosec",
        "rev": "ea5d31f7f5cd942dbc4c9cdad74c2c1d1eab1ed2",
        "type": "github"
      },
      "original": {
        "owner": "securego",
        "repo": "gosec",
        "type": "github"
      }
    },
    "hconv": {
      "flake": false,
      "locked": {
        "lastModified": 1608724054,
        "narHash": "sha256-WGHeEPtM09rpKOsPeBvbFqnfmIoG8Hf6DKgHHIdCn4c=",
        "owner": "neosimsim",
        "repo": "hconv",
        "rev": "05b254dc4e2c9258f7d9a4721847376a001b99de",
        "type": "gitlab"
      },
      "original": {
        "owner": "neosimsim",
        "repo": "hconv",
        "type": "gitlab"
      }
    },
    "home-manager": {
      "inputs": {
        "nixpkgs": "nixpkgs"
      },
      "locked": {
        "lastModified": 1647210221,
        "narHash": "sha256-mUWwEq+ReRQjIqj28ClqmBDyKV4fr6C5ufqlXLzZFsk=",
        "owner": "nix-community",
        "repo": "home-manager",
        "rev": "8eb7c009f09f1f7b1ec151e5d537104acf42213a",
        "type": "github"
      },
      "original": {
        "owner": "nix-community",
        "repo": "home-manager",
        "type": "github"
      }
    },
    "hookmark": {
      "flake": false,
      "locked": {
        "lastModified": 1616424792,
        "narHash": "sha256-rx6Tb3j0S/essLVtqEcr07JWcwakEkjDL1IA5CEFGto=",
        "owner": "neosimsim",
        "repo": "hookmark",
        "rev": "2e9e69dc4b12aaf8af50a2b5c053030501c0562c",
        "type": "gitlab"
      },
      "original": {
        "owner": "neosimsim",
        "repo": "hookmark",
        "type": "gitlab"
      }
    },
    "nixpkgs": {
      "locked": {
        "narHash": "sha256-4va4MvJ076XyPp5h8sm5eMQvCrJ6yZAbBmyw95dGyw4=",
        "path": "/nix/store/d9wpzgyjlpw1424kw2lyilah6690fnk3-source",
        "type": "path"
      },
      "original": {
        "id": "nixpkgs",
        "type": "indirect"
      }
    },
    "nixpkgs_2": {
      "locked": {
        "lastModified": 1648632716,
        "narHash": "sha256-kCmnDeiaMsdhfnNKjxdOzwRh2H6eQb8yWAL+nNabC/Y=",
        "owner": "nixos",
        "repo": "nixpgks",
        "rev": "710fed5a2483f945b14f4a58af2cd3676b42d8c8",
        "type": "github"
      },
      "original": {
        "owner": "nixos",
        "ref": "nixos-unstable",
        "repo": "nixpkgs",
        "type": "github"
      }
    },
    "passage": {
      "flake": false,
      "locked": {
        "lastModified": 1645965116,
        "narHash": "sha256-/V3QtHMFg+WNrqsq4XWp93YE1eQMT6PemULjbDbEzSU=",
        "owner": "FiloSottile",
        "repo": "passage",
        "rev": "aa9e1583db9b91843289882f105c6f2172f2ab8b",
        "type": "github"
      },
      "original": {
        "owner": "FiloSottile",
        "repo": "passage",
        "type": "github"
      }
    },
    "plan9fansGo": {
      "flake": false,
      "locked": {
        "lastModified": 1643637162,
        "narHash": "sha256-9MLLQaFsIenWZzOgCGHmzpHfSvlI9na8aYHjG+cYNOs=",
        "owner": "9fans",
        "repo": "go",
        "rev": "ff0314d88bbddc5205230ba893219149db09fa10",
        "type": "github"
      },
      "original": {
        "owner": "9fans",
        "repo": "go",
        "type": "github"
      }
    },
    "root": {
      "inputs": {
        "goTools": "goTools",
        "gosec": "gosec",
        "hconv": "hconv",
        "home-manager": "home-manager",
        "hookmark": "hookmark",
        "nixpkgs": "nixpkgs_2",
        "passage": "passage",
        "plan9fansGo": "plan9fansGo"
      }
    }
  },
  "root": "root",
  "version": 7
}
