{
  "nodes": {
    "eglot-x": {
      "flake": false,
      "locked": {
        "lastModified": 1710500535,
        "narHash": "sha256-wqmPaczWsdqCP5utKpgwNLQMUvmctt4YQ2RlaHFlzzA=",
        "owner": "nemethf",
        "repo": "eglot-x",
        "rev": "347bcfc81d935d9c93235e69a7ceb21950a728d4",
        "type": "github"
      },
      "original": {
        "owner": "nemethf",
        "repo": "eglot-x",
        "type": "github"
      }
    },
    "emacs-overlay": {
      "inputs": {
        "flake-utils": "flake-utils",
        "nixpkgs": [
          "nixpkgs"
        ],
        "nixpkgs-stable": "nixpkgs-stable"
      },
      "locked": {
        "lastModified": 1709974977,
        "narHash": "sha256-h0k0+volnVkG1NB9Iswgqrm5neA+13Ye8tdJiKcVJ0U=",
        "owner": "nix-community",
        "repo": "emacs-overlay",
        "rev": "aed9a9e58391a498c2ed2b5bbd0b59ec3d862f6d",
        "type": "github"
      },
      "original": {
        "owner": "nix-community",
        "repo": "emacs-overlay",
        "type": "github"
      }
    },
    "flake-utils": {
      "inputs": {
        "systems": "systems"
      },
      "locked": {
        "lastModified": 1709126324,
        "narHash": "sha256-q6EQdSeUZOG26WelxqkmR7kArjgWCdw5sfJVHPH/7j8=",
        "owner": "numtide",
        "repo": "flake-utils",
        "rev": "d465f4819400de7c8d874d50b982301f28a84605",
        "type": "github"
      },
      "original": {
        "owner": "numtide",
        "repo": "flake-utils",
        "type": "github"
      }
    },
    "flake-utils_2": {
      "inputs": {
        "systems": "systems_2"
      },
      "locked": {
        "lastModified": 1709126324,
        "narHash": "sha256-q6EQdSeUZOG26WelxqkmR7kArjgWCdw5sfJVHPH/7j8=",
        "owner": "numtide",
        "repo": "flake-utils",
        "rev": "d465f4819400de7c8d874d50b982301f28a84605",
        "type": "github"
      },
      "original": {
        "owner": "numtide",
        "repo": "flake-utils",
        "type": "github"
      }
    },
    "home-manager": {
      "inputs": {
        "nixpkgs": [
          "nixpkgs"
        ]
      },
      "locked": {
        "lastModified": 1709988192,
        "narHash": "sha256-qxwIkl85P0I1/EyTT+NJwzbXdOv86vgZxcv4UKicjK8=",
        "owner": "nix-community",
        "repo": "home-manager",
        "rev": "b0b0c3d94345050a7f86d1ebc6c56eea4389d030",
        "type": "github"
      },
      "original": {
        "owner": "nix-community",
        "repo": "home-manager",
        "type": "github"
      }
    },
    "hookmark": {
      "inputs": {
        "flake-utils": [
          "flake-utils"
        ],
        "nixpkgs": [
          "nixpkgs"
        ]
      },
      "locked": {
        "lastModified": 1698303548,
        "narHash": "sha256-63k54TsiVNO/meN/Jwa2+/dWkY1ej8sWPAjEwZhThnw=",
        "owner": "neosimsim",
        "repo": "hookmark",
        "rev": "4fa9dc08282730c01a7f0deb50a59b8382bba485",
        "type": "gitlab"
      },
      "original": {
        "owner": "neosimsim",
        "repo": "hookmark",
        "type": "gitlab"
      }
    },
    "nixpkgs": {
      "locked": {
        "lastModified": 1709703039,
        "narHash": "sha256-6hqgQ8OK6gsMu1VtcGKBxKQInRLHtzulDo9Z5jxHEFY=",
        "owner": "nixos",
        "repo": "nixpkgs",
        "rev": "9df3e30ce24fd28c7b3e2de0d986769db5d6225d",
        "type": "github"
      },
      "original": {
        "owner": "nixos",
        "ref": "nixos-unstable",
        "repo": "nixpkgs",
        "type": "github"
      }
    },
    "nixpkgs-stable": {
      "locked": {
        "lastModified": 1709884566,
        "narHash": "sha256-NSYJg2sfdO/XS3L8XN/59Zhzn0dqWm7XtVnKI2mHq3w=",
        "owner": "NixOS",
        "repo": "nixpkgs",
        "rev": "2be119add7b37dc535da2dd4cba68e2cf8d1517e",
        "type": "github"
      },
      "original": {
        "owner": "NixOS",
        "ref": "nixos-23.11",
        "repo": "nixpkgs",
        "type": "github"
      }
    },
    "nur": {
      "locked": {
        "lastModified": 1709999056,
        "narHash": "sha256-YZBLyvYRIsT9jSo9rxhFLq4XvE9woduFdxyzTaOwZys=",
        "owner": "nix-community",
        "repo": "NUR",
        "rev": "b9fdd3dace5a629c585a2e137563c2a04fe59e40",
        "type": "github"
      },
      "original": {
        "owner": "nix-community",
        "repo": "NUR",
        "type": "github"
      }
    },
    "plan9fansGo": {
      "flake": false,
      "locked": {
        "lastModified": 1643637162,
        "narHash": "sha256-9MLLQaFsIenWZzOgCGHmzpHfSvlI9na8aYHjG+cYNOs=",
        "owner": "9fans",
        "repo": "go",
        "rev": "ff0314d88bbddc5205230ba893219149db09fa10",
        "type": "github"
      },
      "original": {
        "owner": "9fans",
        "repo": "go",
        "type": "github"
      }
    },
    "plasma-manager": {
      "inputs": {
        "home-manager": [
          "home-manager"
        ],
        "nixpkgs": [
          "nixpkgs"
        ]
      },
      "locked": {
        "lastModified": 1709982472,
        "narHash": "sha256-cMPHIV7yWbve+nwiQDhVt7BBkxrGTLzSTAslv7u6HZo=",
        "owner": "pjones",
        "repo": "plasma-manager",
        "rev": "26acf8f5880ae7d6e5de4ca953c8ad161b7903eb",
        "type": "github"
      },
      "original": {
        "owner": "pjones",
        "repo": "plasma-manager",
        "type": "github"
      }
    },
    "root": {
      "inputs": {
        "eglot-x": "eglot-x",
        "emacs-overlay": "emacs-overlay",
        "flake-utils": "flake-utils_2",
        "home-manager": "home-manager",
        "hookmark": "hookmark",
        "nixpkgs": "nixpkgs",
        "nur": "nur",
        "plan9fansGo": "plan9fansGo",
        "plasma-manager": "plasma-manager"
      }
    },
    "systems": {
      "locked": {
        "lastModified": 1681028828,
        "narHash": "sha256-Vy1rq5AaRuLzOxct8nz4T6wlgyUR7zLU309k9mBC768=",
        "owner": "nix-systems",
        "repo": "default",
        "rev": "da67096a3b9bf56a91d16901293e51ba5b49a27e",
        "type": "github"
      },
      "original": {
        "owner": "nix-systems",
        "repo": "default",
        "type": "github"
      }
    },
    "systems_2": {
      "locked": {
        "lastModified": 1681028828,
        "narHash": "sha256-Vy1rq5AaRuLzOxct8nz4T6wlgyUR7zLU309k9mBC768=",
        "owner": "nix-systems",
        "repo": "default",
        "rev": "da67096a3b9bf56a91d16901293e51ba5b49a27e",
        "type": "github"
      },
      "original": {
        "owner": "nix-systems",
        "repo": "default",
        "type": "github"
      }
    }
  },
  "root": "root",
  "version": 7
}
